
Microsoft Visual Studio Solution File, Format Version 12.00
# Visual Studio Version 17
VisualStudioVersion = 17.6.33815.320
MinimumVisualStudioVersion = 10.0.40219.1
Project("{FAE04EC0-301F-11D3-BF4B-00C04F79EFBC}") = "CallCentreOperations", "CallCentreOperations.csproj", "{A875806C-30F5-4D68-A169-28DEBBA470CD}"
EndProject
Global
	GlobalSection(SolutionConfigurationPlatforms) = preSolution
		Debug|Any CPU = Debug|Any CPU
		Release|Any CPU = Release|Any CPU
	EndGlobalSection
	GlobalSection(ProjectConfigurationPlatforms) = postSolution
		{A875806C-30F5-4D68-A169-28DEBBA470CD}.Debug|Any CPU.ActiveCfg = Debug|Any CPU
		{A875806C-30F5-4D68-A169-28DEBBA470CD}.Debug|Any CPU.Build.0 = Debug|Any CPU
		{A875806C-30F5-4D68-A169-28DEBBA470CD}.Release|Any CPU.ActiveCfg = Release|Any CPU
		{A875806C-30F5-4D68-A169-28DEBBA470CD}.Release|Any CPU.Build.0 = Release|Any CPU
	EndGlobalSection
	GlobalSection(SolutionProperties) = preSolution
		HideSolutionNode = FALSE
	EndGlobalSection
	GlobalSection(ExtensibilityGlobals) = postSolution
		SolutionGuid = {DD73B336-0843-4B73-9B10-DF62D2841C3B}
	EndGlobalSection
EndGlobal
